
Microsoft Visual Studio Solution File, Format Version 12.00
# Visual Studio 15
VisualStudioVersion = 15.0.27703.2042
MinimumVisualStudioVersion = 10.0.40219.1
Project("{FAE04EC0-301F-11D3-BF4B-00C04F79EFBC}") = "StokTakip.Web", "StokTakip.Web\StokTakip.Web.csproj", "{035B30CC-FABE-4F57-8D0B-F42888C147F3}"
EndProject
Project("{FAE04EC0-301F-11D3-BF4B-00C04F79EFBC}") = "StokTakip.Entities", "StokTakip.Entities\StokTakip.Entities.csproj", "{60E1B11F-4B37-443A-B357-D45BD20101E7}"
EndProject
Project("{FAE04EC0-301F-11D3-BF4B-00C04F79EFBC}") = "StokTakip.Business", "StokTakip.Business\StokTakip.Business.csproj", "{3170D43A-3032-4645-992D-FDFABB155B16}"
EndProject
Project("{FAE04EC0-301F-11D3-BF4B-00C04F79EFBC}") = "StokTakip.DataAccess", "StokTakip.DataAccess\StokTakip.DataAccess.csproj", "{43598A55-5BBE-4801-9D53-8234FFD5B065}"
EndProject
Project("{FAE04EC0-301F-11D3-BF4B-00C04F79EFBC}") = "StokTakip.Core", "StokTakip.Core\StokTakip.Core.csproj", "{B8E21F29-87B3-4ABC-9EAA-8D6E7BCCD40F}"
EndProject
Global
	GlobalSection(SolutionConfigurationPlatforms) = preSolution
		Debug|Any CPU = Debug|Any CPU
		Release|Any CPU = Release|Any CPU
	EndGlobalSection
	GlobalSection(ProjectConfigurationPlatforms) = postSolution
		{035B30CC-FABE-4F57-8D0B-F42888C147F3}.Debug|Any CPU.ActiveCfg = Debug|Any CPU
		{035B30CC-FABE-4F57-8D0B-F42888C147F3}.Debug|Any CPU.Build.0 = Debug|Any CPU
		{035B30CC-FABE-4F57-8D0B-F42888C147F3}.Release|Any CPU.ActiveCfg = Release|Any CPU
		{035B30CC-FABE-4F57-8D0B-F42888C147F3}.Release|Any CPU.Build.0 = Release|Any CPU
		{60E1B11F-4B37-443A-B357-D45BD20101E7}.Debug|Any CPU.ActiveCfg = Debug|Any CPU
		{60E1B11F-4B37-443A-B357-D45BD20101E7}.Debug|Any CPU.Build.0 = Debug|Any CPU
		{60E1B11F-4B37-443A-B357-D45BD20101E7}.Release|Any CPU.ActiveCfg = Release|Any CPU
		{60E1B11F-4B37-443A-B357-D45BD20101E7}.Release|Any CPU.Build.0 = Release|Any CPU
		{3170D43A-3032-4645-992D-FDFABB155B16}.Debug|Any CPU.ActiveCfg = Debug|Any CPU
		{3170D43A-3032-4645-992D-FDFABB155B16}.Debug|Any CPU.Build.0 = Debug|Any CPU
		{3170D43A-3032-4645-992D-FDFABB155B16}.Release|Any CPU.ActiveCfg = Release|Any CPU
		{3170D43A-3032-4645-992D-FDFABB155B16}.Release|Any CPU.Build.0 = Release|Any CPU
		{43598A55-5BBE-4801-9D53-8234FFD5B065}.Debug|Any CPU.ActiveCfg = Debug|Any CPU
		{43598A55-5BBE-4801-9D53-8234FFD5B065}.Debug|Any CPU.Build.0 = Debug|Any CPU
		{43598A55-5BBE-4801-9D53-8234FFD5B065}.Release|Any CPU.ActiveCfg = Release|Any CPU
		{43598A55-5BBE-4801-9D53-8234FFD5B065}.Release|Any CPU.Build.0 = Release|Any CPU
		{B8E21F29-87B3-4ABC-9EAA-8D6E7BCCD40F}.Debug|Any CPU.ActiveCfg = Debug|Any CPU
		{B8E21F29-87B3-4ABC-9EAA-8D6E7BCCD40F}.Debug|Any CPU.Build.0 = Debug|Any CPU
		{B8E21F29-87B3-4ABC-9EAA-8D6E7BCCD40F}.Release|Any CPU.ActiveCfg = Release|Any CPU
		{B8E21F29-87B3-4ABC-9EAA-8D6E7BCCD40F}.Release|Any CPU.Build.0 = Release|Any CPU
	EndGlobalSection
	GlobalSection(SolutionProperties) = preSolution
		HideSolutionNode = FALSE
	EndGlobalSection
	GlobalSection(ExtensibilityGlobals) = postSolution
		SolutionGuid = {91D1A651-9540-46EE-9EA5-EAC0E3199EDD}
	EndGlobalSection
EndGlobal
